<?xml version="1.0" encoding="utf-8"?>
<Project ToolsVersion="4.0" xmlns="http://schemas.microsoft.com/developer/msbuild/2003">
  <ItemGroup>
    <Filter Include="Source Files">
      <UniqueIdentifier>{4FC737F1-C7A5-4376-A066-2A32D752A2FF}</UniqueIdentifier>
      <Extensions>cpp;cxx;c;def</Extensions>
    </Filter>
    <Filter Include="Header Files">
      <UniqueIdentifier>{93995380-89BD-4b04-88EB-625FBE52EBFB}</UniqueIdentifier>
      <Extensions>h</Extensions>
    </Filter>
    <Filter Include="Form Files">
      <UniqueIdentifier>{99349809-55BA-4b9d-BF79-8FDBB0286EB3}</UniqueIdentifier>
      <Extensions>ui</Extensions>
    </Filter>
    <Filter Include="Resource Files">
      <UniqueIdentifier>{D9D6E242-F8AF-46E4-B9FD-80ECBC20BA3E}</UniqueIdentifier>
      <Extensions>qrc;*</Extensions>
      <ParseFiles>false</ParseFiles>
    </Filter>
    <Filter Include="Generated Files">
      <UniqueIdentifier>{71ED8ED8-ACB9-4CE9-BBE1-E00B30144E11}</UniqueIdentifier>
      <Extensions>moc;h;cpp</Extensions>
      <SourceControlFiles>False</SourceControlFiles>
    </Filter>
    <Filter Include="Generated Files\Debug">
      <UniqueIdentifier>{3bf0b62c-40e9-42e3-99be-adb8cd76fb6e}</UniqueIdentifier>
      <Extensions>cpp;moc</Extensions>
      <SourceControlFiles>False</SourceControlFiles>
    </Filter>
    <Filter Include="Generated Files\Release">
      <UniqueIdentifier>{0896310a-c93c-41b5-a040-a864fcc76430}</UniqueIdentifier>
      <Extensions>cpp;moc</Extensions>
      <SourceControlFiles>False</SourceControlFiles>
    </Filter>
    <Filter Include="Shader">
      <UniqueIdentifier>{2fbf9788-5cc7-41de-bfc2-340d2bc619ac}</UniqueIdentifier>
    </Filter>
    <Filter Include="External">
      <UniqueIdentifier>{b1db6d3a-f727-4eb2-aca6-0a840138e9d2}</UniqueIdentifier>
    </Filter>
    <Filter Include="Source Files\Model">
      <UniqueIdentifier>{79fabbbd-a571-41c6-a335-a5ea516f64e4}</UniqueIdentifier>
    </Filter>
    <Filter Include="Source Files\Debug">
      <UniqueIdentifier>{902fbfe5-7a15-4d4f-b49f-1b7c1b86d93c}</UniqueIdentifier>
    </Filter>
    <Filter Include="Source Files\Source">
      <UniqueIdentifier>{504a4397-932d-4b1e-9060-2a42adb25187}</UniqueIdentifier>
    </Filter>
    <Filter Include="Source Files\MemoryManagement">
      <UniqueIdentifier>{dd4fac29-95c1-4f2f-998d-113eb5db36f8}</UniqueIdentifier>
    </Filter>
    <Filter Include="Source Files\Reports">
      <UniqueIdentifier>{24e351e1-2f3e-478c-becb-c8f111ac2132}</UniqueIdentifier>
    </Filter>
    <Filter Include="Source Files\ImageProviders">
      <UniqueIdentifier>{97bd373d-58b8-438c-9bef-5bf11caf6c21}</UniqueIdentifier>
    </Filter>
    <Filter Include="Source Files\ImageProcessor">
      <UniqueIdentifier>{b0ddf950-7de2-4086-8db6-0aae3216416c}</UniqueIdentifier>
    </Filter>
  </ItemGroup>
  <ItemGroup>
    <ClCompile Include="GeneratedFiles\Debug\moc_creator.cpp">
      <Filter>Generated Files\Debug</Filter>
    </ClCompile>
    <ClCompile Include="GeneratedFiles\Release\moc_creator.cpp">
      <Filter>Generated Files\Release</Filter>
    </ClCompile>
    <ClCompile Include="GeneratedFiles\qrc_creator.cpp">
      <Filter>Generated Files</Filter>
    </ClCompile>
    <ClCompile Include="GeneratedFiles\Debug\moc_renderer.cpp">
      <Filter>Generated Files\Debug</Filter>
    </ClCompile>
    <ClCompile Include="GeneratedFiles\Release\moc_renderer.cpp">
      <Filter>Generated Files\Release</Filter>
    </ClCompile>
    <ClCompile Include="GeneratedFiles\Debug\moc_inputlist.cpp">
      <Filter>Generated Files\Debug</Filter>
    </ClCompile>
    <ClCompile Include="GeneratedFiles\Release\moc_inputlist.cpp">
      <Filter>Generated Files\Release</Filter>
    </ClCompile>
    <ClCompile Include="GeneratedFiles\Debug\moc_loghandler.cpp">
      <Filter>Generated Files\Debug</Filter>
    </ClCompile>
    <ClCompile Include="GeneratedFiles\Release\moc_loghandler.cpp">
      <Filter>Generated Files\Release</Filter>
    </ClCompile>
    <ClCompile Include="../source/creator.cpp">
      <Filter>Source Files\Source</Filter>
    </ClCompile>
    <ClCompile Include="../source/inputlist.cpp">
      <Filter>Source Files\Source</Filter>
    </ClCompile>
    <ClCompile Include="../source/renderer.cpp">
      <Filter>Source Files\Source</Filter>
    </ClCompile>
    <ClCompile Include="..\source\videorenderer.cpp">
      <Filter>Source Files\Source</Filter>
    </ClCompile>
    <ClCompile Include="GeneratedFiles\Debug\moc_videorenderer.cpp">
      <Filter>Generated Files\Debug</Filter>
    </ClCompile>
    <ClCompile Include="GeneratedFiles\Release\moc_videorenderer.cpp">
      <Filter>Generated Files\Release</Filter>
    </ClCompile>
    <ClCompile Include="../source/loghandler.cpp">
      <Filter>Source Files\Source</Filter>
    </ClCompile>
    <ClCompile Include="../source/main.cpp">
      <Filter>Source Files\Source</Filter>
    </ClCompile>
    <ClCompile Include="../source/Model.cpp">
      <Filter>Source Files\Model</Filter>
    </ClCompile>
    <ClCompile Include="..\source\FrameProcessor.cpp">
      <Filter>Source Files\Source</Filter>
    </ClCompile>
    <ClCompile Include="GeneratedFiles\Debug\moc_FrameProcessor.cpp">
      <Filter>Generated Files\Debug</Filter>
    </ClCompile>
    <ClCompile Include="GeneratedFiles\Release\moc_FrameProcessor.cpp">
      <Filter>Generated Files\Release</Filter>
    </ClCompile>
    <ClCompile Include="VideoProvider.cpp">
      <Filter>Source Files\ImageProviders</Filter>
    </ClCompile>
    <ClCompile Include="ImagesProvider.cpp">
      <Filter>Source Files\ImageProviders</Filter>
    </ClCompile>
    <ClCompile Include="reportfunctions.cpp">
      <Filter>Source Files\Source</Filter>
    </ClCompile>
    <ClCompile Include="ImageProvider.cpp">
      <Filter>Source Files\ImageProviders</Filter>
    </ClCompile>
    <ClCompile Include="worker.cpp">
      <Filter>Source Files</Filter>
    </ClCompile>
    <ClCompile Include="GeneratedFiles\Debug\moc_worker.cpp">
      <Filter>Generated Files\Debug</Filter>
    </ClCompile>
    <ClCompile Include="GeneratedFiles\Release\moc_worker.cpp">
      <Filter>Generated Files\Release</Filter>
    </ClCompile>
    <ClCompile Include="ImageProcessor.cpp">
      <Filter>Source Files\ImageProcessor</Filter>
    </ClCompile>
  </ItemGroup>
  <ItemGroup>
    <CustomBuild Include="creator.ui">
      <Filter>Form Files</Filter>
    </CustomBuild>
    <CustomBuild Include="creator.qrc">
      <Filter>Resource Files</Filter>
    </CustomBuild>
    <CustomBuild Include="../include/creator.h">
      <Filter>Header Files</Filter>
    </CustomBuild>
    <CustomBuild Include="../include/renderer.h">
      <Filter>Header Files</Filter>
    </CustomBuild>
    <CustomBuild Include="../include/inputlist.h">
      <Filter>Header Files</Filter>
    </CustomBuild>
    <CustomBuild Include="../include/loghandler.h">
      <Filter>Header Files</Filter>
    </CustomBuild>
    <CustomBuild Include="..\include\videorenderer.h">
      <Filter>Header Files</Filter>
    </CustomBuild>
    <CustomBuild Include="..\include\FrameProcessor.h">
      <Filter>Header Files</Filter>
    </CustomBuild>
    <CustomBuild Include="worker.hpp">
      <Filter>Source Files</Filter>
    </CustomBuild>
  </ItemGroup>
  <ItemGroup>
    <ClInclude Include="GeneratedFiles\ui_creator.h">
      <Filter>Generated Files</Filter>
    </ClInclude>
    <ClInclude Include="resource.h">
      <Filter>Header Files</Filter>
    </ClInclude>
    <ClInclude Include="../include/Model.h">
      <Filter>Header Files</Filter>
    </ClInclude>
    <ClInclude Include="..\include\debug.h">
      <Filter>Source Files\Debug</Filter>
    </ClInclude>
    <ClInclude Include="ReportFunctions.h">
      <Filter>Header Files</Filter>
    </ClInclude>
    <ClInclude Include="VideoProvider.h">
      <Filter>Source Files\ImageProviders</Filter>
    </ClInclude>
    <ClInclude Include="ImagesProvider.h">
      <Filter>Source Files\ImageProviders</Filter>
    </ClInclude>
    <ClInclude Include="imageprovider.h">
      <Filter>Source Files\ImageProviders</Filter>
    </ClInclude>
    <ClInclude Include="ImageProcessor.h">
      <Filter>Source Files\ImageProcessor</Filter>
    </ClInclude>
  </ItemGroup>
  <ItemGroup>
    <ResourceCompile Include="Creator.rc" />
  </ItemGroup>
  <ItemGroup>
    <Text Include="..\TodoList.txt" />
  </ItemGroup>
</Project>