<?xml version="1.0" encoding="utf-8"?>
<Project ToolsVersion="4.0" xmlns="http://schemas.microsoft.com/developer/msbuild/2003">
  <ItemGroup>
    <Filter Include="Source Files">
      <UniqueIdentifier>{4FC737F1-C7A5-4376-A066-2A32D752A2FF}</UniqueIdentifier>
      <Extensions>cpp;cxx;c;def</Extensions>
    </Filter>
    <Filter Include="Header Files">
      <UniqueIdentifier>{93995380-89BD-4b04-88EB-625FBE52EBFB}</UniqueIdentifier>
      <Extensions>h</Extensions>
    </Filter>
    <Filter Include="Form Files">
      <UniqueIdentifier>{99349809-55BA-4b9d-BF79-8FDBB0286EB3}</UniqueIdentifier>
      <Extensions>ui</Extensions>
    </Filter>
    <Filter Include="Resource Files">
      <UniqueIdentifier>{D9D6E242-F8AF-46E4-B9FD-80ECBC20BA3E}</UniqueIdentifier>
      <Extensions>qrc;*</Extensions>
      <ParseFiles>false</ParseFiles>
    </Filter>
    <Filter Include="Generated Files">
      <UniqueIdentifier>{71ED8ED8-ACB9-4CE9-BBE1-E00B30144E11}</UniqueIdentifier>
      <Extensions>moc;h;cpp</Extensions>
      <SourceControlFiles>False</SourceControlFiles>
    </Filter>
    <Filter Include="Generated Files\Debug">
      <UniqueIdentifier>{3bf0b62c-40e9-42e3-99be-adb8cd76fb6e}</UniqueIdentifier>
      <Extensions>cpp;moc</Extensions>
      <SourceControlFiles>False</SourceControlFiles>
    </Filter>
    <Filter Include="Generated Files\Release">
      <UniqueIdentifier>{0896310a-c93c-41b5-a040-a864fcc76430}</UniqueIdentifier>
      <Extensions>cpp;moc</Extensions>
      <SourceControlFiles>False</SourceControlFiles>
    </Filter>
    <Filter Include="Source Files\Model">
      <UniqueIdentifier>{79fabbbd-a571-41c6-a335-a5ea516f64e4}</UniqueIdentifier>
    </Filter>
    <Filter Include="Source Files\Source">
      <UniqueIdentifier>{504a4397-932d-4b1e-9060-2a42adb25187}</UniqueIdentifier>
    </Filter>
    <Filter Include="Source Files\MemoryManagement">
      <UniqueIdentifier>{dd4fac29-95c1-4f2f-998d-113eb5db36f8}</UniqueIdentifier>
    </Filter>
    <Filter Include="Source Files\ImageProviders">
      <UniqueIdentifier>{97bd373d-58b8-438c-9bef-5bf11caf6c21}</UniqueIdentifier>
    </Filter>
    <Filter Include="Source Files\ImageProcessor">
      <UniqueIdentifier>{b0ddf950-7de2-4086-8db6-0aae3216416c}</UniqueIdentifier>
    </Filter>
    <Filter Include="Resource">
      <UniqueIdentifier>{3d5a55ae-79bc-4641-9a78-73922648a4cd}</UniqueIdentifier>
    </Filter>
    <Filter Include="Filename">
      <UniqueIdentifier>{fe48f3bb-1fcb-4aac-9f74-5d1818a73698}</UniqueIdentifier>
    </Filter>
    <Filter Include="Debug">
      <UniqueIdentifier>{9bd377a4-dfa9-4e7f-85b4-e18885603a08}</UniqueIdentifier>
    </Filter>
    <Filter Include="Filename">
      <UniqueIdentifier>{6c06825a-66c8-43bf-85d4-6bb498b501bd}</UniqueIdentifier>
    </Filter>
    <Filter Include="Shaders">
      <UniqueIdentifier>{2fbf9788-5cc7-41de-bfc2-340d2bc619ac}</UniqueIdentifier>
    </Filter>
    <Filter Include="Source Files\Painters">
      <UniqueIdentifier>{0f9c38a7-545c-4347-9788-99a9e267ef7b}</UniqueIdentifier>
    </Filter>
    <Filter Include="Shaders\Gyro">
      <UniqueIdentifier>{f1c9916e-d1f9-404e-ad73-dfc65b141738}</UniqueIdentifier>
    </Filter>
  </ItemGroup>
  <ItemGroup>
    <ClCompile Include="GeneratedFiles\Debug\moc_creator.cpp">
      <Filter>Generated Files\Debug</Filter>
    </ClCompile>
    <ClCompile Include="GeneratedFiles\Release\moc_creator.cpp">
      <Filter>Generated Files\Release</Filter>
    </ClCompile>
    <ClCompile Include="GeneratedFiles\qrc_creator.cpp">
      <Filter>Generated Files</Filter>
    </ClCompile>
    <ClCompile Include="GeneratedFiles\Debug\moc_renderer.cpp">
      <Filter>Generated Files\Debug</Filter>
    </ClCompile>
    <ClCompile Include="GeneratedFiles\Release\moc_renderer.cpp">
      <Filter>Generated Files\Release</Filter>
    </ClCompile>
    <ClCompile Include="GeneratedFiles\Debug\moc_inputlist.cpp">
      <Filter>Generated Files\Debug</Filter>
    </ClCompile>
    <ClCompile Include="GeneratedFiles\Release\moc_inputlist.cpp">
      <Filter>Generated Files\Release</Filter>
    </ClCompile>
    <ClCompile Include="GeneratedFiles\Debug\moc_loghandler.cpp">
      <Filter>Generated Files\Debug</Filter>
    </ClCompile>
    <ClCompile Include="GeneratedFiles\Release\moc_loghandler.cpp">
      <Filter>Generated Files\Release</Filter>
    </ClCompile>
    <ClCompile Include="../source/creator.cpp">
      <Filter>Source Files\Source</Filter>
    </ClCompile>
    <ClCompile Include="../source/inputlist.cpp">
      <Filter>Source Files\Source</Filter>
    </ClCompile>
    <ClCompile Include="..\source\videorenderer.cpp">
      <Filter>Source Files\Source</Filter>
    </ClCompile>
    <ClCompile Include="GeneratedFiles\Debug\moc_videorenderer.cpp">
      <Filter>Generated Files\Debug</Filter>
    </ClCompile>
    <ClCompile Include="GeneratedFiles\Release\moc_videorenderer.cpp">
      <Filter>Generated Files\Release</Filter>
    </ClCompile>
    <ClCompile Include="../source/loghandler.cpp">
      <Filter>Source Files\Source</Filter>
    </ClCompile>
    <ClCompile Include="../source/main.cpp">
      <Filter>Source Files\Source</Filter>
    </ClCompile>
    <ClCompile Include="..\source\FrameProcessor.cpp">
      <Filter>Source Files\Source</Filter>
    </ClCompile>
    <ClCompile Include="GeneratedFiles\Debug\moc_FrameProcessor.cpp">
      <Filter>Generated Files\Debug</Filter>
    </ClCompile>
    <ClCompile Include="GeneratedFiles\Release\moc_FrameProcessor.cpp">
      <Filter>Generated Files\Release</Filter>
    </ClCompile>
    <ClCompile Include="VideoProvider.cpp">
      <Filter>Source Files\ImageProviders</Filter>
    </ClCompile>
    <ClCompile Include="ImagesProvider.cpp">
      <Filter>Source Files\ImageProviders</Filter>
    </ClCompile>
    <ClCompile Include="reportfunctions.cpp">
      <Filter>Source Files\Source</Filter>
    </ClCompile>
    <ClCompile Include="ImageProvider.cpp">
      <Filter>Source Files\ImageProviders</Filter>
    </ClCompile>
    <ClCompile Include="ImageProcessor.cpp">
      <Filter>Source Files\ImageProcessor</Filter>
    </ClCompile>
    <ClCompile Include="ExtractionWorker.cpp">
      <Filter>Source Files\Source</Filter>
    </ClCompile>
    <ClCompile Include="..\source\model\CsvReader.cpp">
      <Filter>Source Files\Model</Filter>
    </ClCompile>
    <ClCompile Include="..\source\model\CsvWriter.cpp">
      <Filter>Source Files\Model</Filter>
    </ClCompile>
    <ClCompile Include="..\source\model\Mesh.cpp">
      <Filter>Source Files\Model</Filter>
    </ClCompile>
    <ClCompile Include="filename.cpp">
      <Filter>Filename</Filter>
    </ClCompile>
    <ClCompile Include="GeneratedFiles\Debug\moc_CompareWindow.cpp">
      <Filter>Generated Files\Debug</Filter>
    </ClCompile>
    <ClCompile Include="GeneratedFiles\Release\moc_CompareWindow.cpp">
      <Filter>Generated Files\Release</Filter>
    </ClCompile>
    <ClCompile Include="CompareWindow.cpp">
      <Filter>Source Files\Source</Filter>
    </ClCompile>
    <ClCompile Include="GeneratedFiles\Debug\moc_ExtractionWorker.cpp">
      <Filter>Generated Files\Debug</Filter>
    </ClCompile>
    <ClCompile Include="GeneratedFiles\Release\moc_ExtractionWorker.cpp">
      <Filter>Generated Files\Release</Filter>
    </ClCompile>
    <ClCompile Include="../source/renderer.cpp">
      <Filter>Source Files\Painters</Filter>
    </ClCompile>
    <ClCompile Include="..\source\rendercircle.cpp">
      <Filter>Source Files\Painters</Filter>
    </ClCompile>
    <ClCompile Include="GeneratedFiles\Debug\moc_rendercircle.cpp">
      <Filter>Generated Files\Debug</Filter>
    </ClCompile>
    <ClCompile Include="GeneratedFiles\Release\moc_rendercircle.cpp">
      <Filter>Generated Files\Release</Filter>
    </ClCompile>
  </ItemGroup>
  <ItemGroup>
    <CustomBuild Include="creator.ui">
      <Filter>Form Files</Filter>
    </CustomBuild>
    <CustomBuild Include="creator.qrc">
      <Filter>Resource Files</Filter>
    </CustomBuild>
    <CustomBuild Include="../include/creator.h">
      <Filter>Header Files</Filter>
    </CustomBuild>
    <CustomBuild Include="../include/renderer.h">
      <Filter>Header Files</Filter>
    </CustomBuild>
    <CustomBuild Include="../include/inputlist.h">
      <Filter>Header Files</Filter>
    </CustomBuild>
    <CustomBuild Include="../include/loghandler.h">
      <Filter>Header Files</Filter>
    </CustomBuild>
    <CustomBuild Include="..\include\videorenderer.h">
      <Filter>Header Files</Filter>
    </CustomBuild>
    <CustomBuild Include="..\include\FrameProcessor.h">
      <Filter>Header Files</Filter>
    </CustomBuild>
    <CustomBuild Include="CompareWindow.h">
      <Filter>Header Files</Filter>
    </CustomBuild>
    <CustomBuild Include="..\include\CompareWindow.h">
      <Filter>Header Files</Filter>
    </CustomBuild>
    <CustomBuild Include="..\include\ExtractionWorker.hpp">
      <Filter>Header Files</Filter>
    </CustomBuild>
    <CustomBuild Include="..\source\rendercircle.hpp">
      <Filter>Header Files</Filter>
    </CustomBuild>
  </ItemGroup>
  <ItemGroup>
    <ClInclude Include="GeneratedFiles\ui_creator.h">
      <Filter>Generated Files</Filter>
    </ClInclude>
    <ClInclude Include="resource.h">
      <Filter>Header Files</Filter>
    </ClInclude>
    <ClInclude Include="ReportFunctions.h">
      <Filter>Header Files</Filter>
    </ClInclude>
    <ClInclude Include="VideoProvider.h">
      <Filter>Source Files\ImageProviders</Filter>
    </ClInclude>
    <ClInclude Include="ImagesProvider.h">
      <Filter>Source Files\ImageProviders</Filter>
    </ClInclude>
    <ClInclude Include="imageprovider.h">
      <Filter>Source Files\ImageProviders</Filter>
    </ClInclude>
    <ClInclude Include="ImageProcessor.h">
      <Filter>Source Files\ImageProcessor</Filter>
    </ClInclude>
    <ClInclude Include="typedefs.h">
      <Filter>Source Files\Source</Filter>
    </ClInclude>
    <ClInclude Include="..\source\model\CsvReader.h">
      <Filter>Source Files\Model</Filter>
    </ClInclude>
    <ClInclude Include="..\source\model\CsvWriter.h">
      <Filter>Source Files\Model</Filter>
    </ClInclude>
    <ClInclude Include="..\source\model\Mesh.h">
      <Filter>Source Files\Model</Filter>
    </ClInclude>
    <ClInclude Include="Filename.h">
      <Filter>Filename</Filter>
    </ClInclude>
    <ClInclude Include="..\include\debug.h">
      <Filter>Debug</Filter>
    </ClInclude>
    <ClInclude Include="..\include\Filename.h">
      <Filter>Header Files</Filter>
    </ClInclude>
    <ClInclude Include="..\include\ImageProcessor.h">
      <Filter>Header Files</Filter>
    </ClInclude>
    <ClInclude Include="..\include\imageprovider.h">
      <Filter>Header Files</Filter>
    </ClInclude>
    <ClInclude Include="..\include\ImagesProvider.h">
      <Filter>Header Files</Filter>
    </ClInclude>
    <ClInclude Include="..\include\Model.h">
      <Filter>Header Files</Filter>
    </ClInclude>
    <ClInclude Include="..\include\objloader.hpp">
      <Filter>Header Files</Filter>
    </ClInclude>
    <ClInclude Include="..\include\quaternion_utils.hpp">
      <Filter>Header Files</Filter>
    </ClInclude>
    <ClInclude Include="..\include\ReportFunctions.h">
      <Filter>Header Files</Filter>
    </ClInclude>
    <ClInclude Include="..\include\tangentspace.hpp">
      <Filter>Header Files</Filter>
    </ClInclude>
    <ClInclude Include="..\include\text2D.hpp">
      <Filter>Header Files</Filter>
    </ClInclude>
    <ClInclude Include="..\include\texture.hpp">
      <Filter>Header Files</Filter>
    </ClInclude>
    <ClInclude Include="..\include\typedefs.h">
      <Filter>Header Files</Filter>
    </ClInclude>
    <ClInclude Include="..\include\vboindexer.hpp">
      <Filter>Header Files</Filter>
    </ClInclude>
    <ClInclude Include="..\include\VideoProvider.h">
      <Filter>Header Files</Filter>
    </ClInclude>
  </ItemGroup>
  <ItemGroup>
    <Text Include="..\TodoList.txt" />
  </ItemGroup>
  <ItemGroup>
    <ResourceCompile Include="Creator.rc">
      <Filter>Resource</Filter>
    </ResourceCompile>
  </ItemGroup>
  <ItemGroup>
    <None Include="research.tex" />
    <None Include="bin\shaders\vertexShader.ogl">
      <Filter>Shaders</Filter>
    </None>
    <None Include="bin\shaders\fragmentShader.ogl">
      <Filter>Shaders</Filter>
    </None>
    <None Include="bin\shaders\gyro\circleFragments.ogl">
      <Filter>Shaders\Gyro</Filter>
    </None>
    <None Include="bin\shaders\gyro\circleVertex.ogl">
      <Filter>Shaders\Gyro</Filter>
    </None>
  </ItemGroup>
</Project>